
Microsoft Visual Studio Solution File, Format Version 12.00
# Visual Studio Version 16
VisualStudioVersion = 16.0.30611.23
MinimumVisualStudioVersion = 10.0.40219.1
Project("{FAE04EC0-301F-11D3-BF4B-00C04F79EFBC}") = "ConsumerTravell", "ConsumerTravell.csproj", "{F483FC58-23BB-487C-8622-B99E22CA7993}"
EndProject
Global
	GlobalSection(SolutionConfigurationPlatforms) = preSolution
		Debug|Any CPU = Debug|Any CPU
		Release|Any CPU = Release|Any CPU
	EndGlobalSection
	GlobalSection(ProjectConfigurationPlatforms) = postSolution
		{F483FC58-23BB-487C-8622-B99E22CA7993}.Debug|Any CPU.ActiveCfg = Debug|Any CPU
		{F483FC58-23BB-487C-8622-B99E22CA7993}.Debug|Any CPU.Build.0 = Debug|Any CPU
		{F483FC58-23BB-487C-8622-B99E22CA7993}.Release|Any CPU.ActiveCfg = Release|Any CPU
		{F483FC58-23BB-487C-8622-B99E22CA7993}.Release|Any CPU.Build.0 = Release|Any CPU
	EndGlobalSection
	GlobalSection(SolutionProperties) = preSolution
		HideSolutionNode = FALSE
	EndGlobalSection
	GlobalSection(ExtensibilityGlobals) = postSolution
		SolutionGuid = {F7CCF9F7-3B2C-4BA2-A6D2-8FD376102F61}
	EndGlobalSection
EndGlobal
